# GENERATED FILE - DO NOT EDIT DIRECTLY
schema_version: 1

bundle:
  version: "0.1.0-dev"
  release_sequence: 0
  channel: "development"
  source_commit: "d1569516f0023b729738cf57a151ae73661495e1"
  digest: "sha256:725fc1060be40a2bb4b7a2c6611412379f715aab2c30bdd36653f6aba6b6d57c"

projection:
  input_digest: "sha256:1da3a00f0cc97f9d448bc69b9756d6f114880bd57a3ce6d9f1134d09a0fb3e28"
  output_digest: "sha256:48e9c51a56d6c37f7dea7c43222a62f71238378e9d28664837a8f1f118271f99"
  files:
    - path: ".gds/compiled-policy.json"
      digest: "sha256:bff415b0acd579b89556f7b7dba40b47956a6a5708cabc59e05c9dfe39f65614"
