# GENERATED FILE - DO NOT EDIT DIRECTLY
schema_version: 1

bundle:
  version: "0.1.0-dev"
  release_sequence: 0
  channel: "development"
  source_commit: "06dd4355b03d600bbf40eee21e86fb9e424d42c5"
  digest: "sha256:82c50767f8891f2235905270a8f3f98fa10f56a2d5aac1db768f3f8b522606b7"

projection:
  input_digest: "sha256:c0b38919d92dc7f8bfb17b993fce43b433d1cea02c7d5058adb8b5cd84e76e8a"
  output_digest: "sha256:48e9c51a56d6c37f7dea7c43222a62f71238378e9d28664837a8f1f118271f99"
  files:
    - path: ".gds/compiled-policy.json"
      digest: "sha256:bff415b0acd579b89556f7b7dba40b47956a6a5708cabc59e05c9dfe39f65614"
